// !$*UTF8*$!
{
	archiveVersion = 1;
	classes = {
	};
	objectVersion = 77;
	objects = {

/* Begin PBXBuildFile section */
		E913A0452F2679B3008A4933 /* PaperlessShare.appex in Embed Foundation Extensions */ = {isa = PBXBuildFile; fileRef = E913A03B2F2679B3008A4933 /* PaperlessShare.appex */; settings = {ATTRIBUTES = (RemoveHeadersOnCopy, ); }; };
		E972FD9B2FB79B730074F8AF /* WidgetKit.framework in Frameworks */ = {isa = PBXBuildFile; fileRef = E972FD9A2FB79B730074F8AF /* WidgetKit.framework */; };
		E972FD9D2FB79B730074F8AF /* SwiftUI.framework in Frameworks */ = {isa = PBXBuildFile; fileRef = E972FD9C2FB79B730074F8AF /* SwiftUI.framework */; };
		E972FDAC2FB79B740074F8AF /* PaperlessWidgetExtension.appex in Embed Foundation Extensions */ = {isa = PBXBuildFile; fileRef = E972FD982FB79B730074F8AF /* PaperlessWidgetExtension.appex */; settings = {ATTRIBUTES = (RemoveHeadersOnCopy, ); }; };
/* End PBXBuildFile section */

/* Begin PBXContainerItemProxy section */
		E913A00C2F267759008A4933 /* PBXContainerItemProxy */ = {
			isa = PBXContainerItemProxy;
			containerPortal = E9139FF32F26774B008A4933 /* Project object */;
			proxyType = 1;
			remoteGlobalIDString = E9139FFA2F26774B008A4933;
			remoteInfo = "Paperless24";
		};
		E913A0162F267759008A4933 /* PBXContainerItemProxy */ = {
			isa = PBXContainerItemProxy;
			containerPortal = E9139FF32F26774B008A4933 /* Project object */;
			proxyType = 1;
			remoteGlobalIDString = E9139FFA2F26774B008A4933;
			remoteInfo = "Paperless24";
		};
		E913A0432F2679B3008A4933 /* PBXContainerItemProxy */ = {
			isa = PBXContainerItemProxy;
			containerPortal = E9139FF32F26774B008A4933 /* Project object */;
			proxyType = 1;
			remoteGlobalIDString = E913A03A2F2679B3008A4933;
			remoteInfo = PaperlessShare;
		};
		E972FDAA2FB79B740074F8AF /* PBXContainerItemProxy */ = {
			isa = PBXContainerItemProxy;
			containerPortal = E9139FF32F26774B008A4933 /* Project object */;
			proxyType = 1;
			remoteGlobalIDString = E972FD972FB79B730074F8AF;
			remoteInfo = PaperlessWidgetExtension;
		};
/* End PBXContainerItemProxy section */

/* Begin PBXCopyFilesBuildPhase section */
		E913A0462F2679B3008A4933 /* Embed Foundation Extensions */ = {
			isa = PBXCopyFilesBuildPhase;
			buildActionMask = 2147483647;
			dstPath = "";
			dstSubfolderSpec = 13;
			files = (
				E972FDAC2FB79B740074F8AF /* PaperlessWidgetExtension.appex in Embed Foundation Extensions */,
				E913A0452F2679B3008A4933 /* PaperlessShare.appex in Embed Foundation Extensions */,
			);
			name = "Embed Foundation Extensions";
			runOnlyForDeploymentPostprocessing = 0;
		};
/* End PBXCopyFilesBuildPhase section */

/* Begin PBXFileReference section */
		E9139FFB2F26774B008A4933 /* Paperless24.app */ = {isa = PBXFileReference; explicitFileType = wrapper.application; includeInIndex = 0; path = "Paperless24.app"; sourceTree = BUILT_PRODUCTS_DIR; };
		E913A00B2F267759008A4933 /* Paperless24Tests.xctest */ = {isa = PBXFileReference; explicitFileType = wrapper.cfbundle; includeInIndex = 0; path = "Paperless24Tests.xctest"; sourceTree = BUILT_PRODUCTS_DIR; };
		E913A0152F267759008A4933 /* Paperless24UITests.xctest */ = {isa = PBXFileReference; explicitFileType = wrapper.cfbundle; includeInIndex = 0; path = "Paperless24UITests.xctest"; sourceTree = BUILT_PRODUCTS_DIR; };
		E913A03B2F2679B3008A4933 /* PaperlessShare.appex */ = {isa = PBXFileReference; explicitFileType = "wrapper.app-extension"; includeInIndex = 0; path = PaperlessShare.appex; sourceTree = BUILT_PRODUCTS_DIR; };
		E972FD982FB79B730074F8AF /* PaperlessWidgetExtension.appex */ = {isa = PBXFileReference; explicitFileType = "wrapper.app-extension"; includeInIndex = 0; path = PaperlessWidgetExtension.appex; sourceTree = BUILT_PRODUCTS_DIR; };
		E972FD9A2FB79B730074F8AF /* WidgetKit.framework */ = {isa = PBXFileReference; lastKnownFileType = wrapper.framework; name = WidgetKit.framework; path = System/Library/Frameworks/WidgetKit.framework; sourceTree = SDKROOT; };
		E972FD9C2FB79B730074F8AF /* SwiftUI.framework */ = {isa = PBXFileReference; lastKnownFileType = wrapper.framework; name = SwiftUI.framework; path = System/Library/Frameworks/SwiftUI.framework; sourceTree = SDKROOT; };
		E972FDB12FB79C150074F8AF /* PaperlessWidgetExtension.entitlements */ = {isa = PBXFileReference; lastKnownFileType = text.plist.entitlements; path = PaperlessWidgetExtension.entitlements; sourceTree = "<group>"; };
/* End PBXFileReference section */

/* Begin PBXFileSystemSynchronizedBuildFileExceptionSet section */
		E913A0492F2679B3008A4933 /* Exceptions for "PaperlessShare" folder in "PaperlessShare" target */ = {
			isa = PBXFileSystemSynchronizedBuildFileExceptionSet;
			membershipExceptions = (
				Info.plist,
			);
			target = E913A03A2F2679B3008A4933 /* PaperlessShare */;
		};
		E972FDAD2FB79B740074F8AF /* Exceptions for "PaperlessWidget" folder in "PaperlessWidgetExtension" target */ = {
			isa = PBXFileSystemSynchronizedBuildFileExceptionSet;
			membershipExceptions = (
				Info.plist,
			);
			target = E972FD972FB79B730074F8AF /* PaperlessWidgetExtension */;
		};
/* End PBXFileSystemSynchronizedBuildFileExceptionSet section */

/* Begin PBXFileSystemSynchronizedRootGroup section */
		E9139FFD2F26774B008A4933 /* Paperless24 */ = {
			isa = PBXFileSystemSynchronizedRootGroup;
			path = "Paperless24";
			sourceTree = "<group>";
		};
		E913A00E2F267759008A4933 /* Paperless24Tests */ = {
			isa = PBXFileSystemSynchronizedRootGroup;
			path = "Paperless24Tests";
			sourceTree = "<group>";
		};
		E913A0182F267759008A4933 /* Paperless24UITests */ = {
			isa = PBXFileSystemSynchronizedRootGroup;
			path = "Paperless24UITests";
			sourceTree = "<group>";
		};
		E913A03C2F2679B3008A4933 /* PaperlessShare */ = {
			isa = PBXFileSystemSynchronizedRootGroup;
			exceptions = (
				E913A0492F2679B3008A4933 /* Exceptions for "PaperlessShare" folder in "PaperlessShare" target */,
			);
			path = PaperlessShare;
			sourceTree = "<group>";
		};
		E972FD9E2FB79B730074F8AF /* PaperlessWidget */ = {
			isa = PBXFileSystemSynchronizedRootGroup;
			exceptions = (
				E972FDAD2FB79B740074F8AF /* Exceptions for "PaperlessWidget" folder in "PaperlessWidgetExtension" target */,
			);
			path = PaperlessWidget;
			sourceTree = "<group>";
		};
/* End PBXFileSystemSynchronizedRootGroup section */

/* Begin PBXFrameworksBuildPhase section */
		E9139FF82F26774B008A4933 /* Frameworks */ = {
			isa = PBXFrameworksBuildPhase;
			buildActionMask = 2147483647;
			files = (
			);
			runOnlyForDeploymentPostprocessing = 0;
		};
		E913A0082F267759008A4933 /* Frameworks */ = {
			isa = PBXFrameworksBuildPhase;
			buildActionMask = 2147483647;
			files = (
			);
			runOnlyForDeploymentPostprocessing = 0;
		};
		E913A0122F267759008A4933 /* Frameworks */ = {
			isa = PBXFrameworksBuildPhase;
			buildActionMask = 2147483647;
			files = (
			);
			runOnlyForDeploymentPostprocessing = 0;
		};
		E913A0382F2679B3008A4933 /* Frameworks */ = {
			isa = PBXFrameworksBuildPhase;
			buildActionMask = 2147483647;
			files = (
			);
			runOnlyForDeploymentPostprocessing = 0;
		};
		E972FD952FB79B730074F8AF /* Frameworks */ = {
			isa = PBXFrameworksBuildPhase;
			buildActionMask = 2147483647;
			files = (
				E972FD9D2FB79B730074F8AF /* SwiftUI.framework in Frameworks */,
				E972FD9B2FB79B730074F8AF /* WidgetKit.framework in Frameworks */,
			);
			runOnlyForDeploymentPostprocessing = 0;
		};
/* End PBXFrameworksBuildPhase section */

/* Begin PBXGroup section */
		E9139FF22F26774B008A4933 = {
			isa = PBXGroup;
			children = (
				E972FDB12FB79C150074F8AF /* PaperlessWidgetExtension.entitlements */,
				E9139FFD2F26774B008A4933 /* Paperless24 */,
				E913A00E2F267759008A4933 /* Paperless24Tests */,
				E913A0182F267759008A4933 /* Paperless24UITests */,
				E913A03C2F2679B3008A4933 /* PaperlessShare */,
				E972FD9E2FB79B730074F8AF /* PaperlessWidget */,
				E972FD992FB79B730074F8AF /* Frameworks */,
				E9139FFC2F26774B008A4933 /* Products */,
			);
			sourceTree = "<group>";
		};
		E9139FFC2F26774B008A4933 /* Products */ = {
			isa = PBXGroup;
			children = (
				E9139FFB2F26774B008A4933 /* Paperless24.app */,
				E913A00B2F267759008A4933 /* Paperless24Tests.xctest */,
				E913A0152F267759008A4933 /* Paperless24UITests.xctest */,
				E913A03B2F2679B3008A4933 /* PaperlessShare.appex */,
				E972FD982FB79B730074F8AF /* PaperlessWidgetExtension.appex */,
			);
			name = Products;
			sourceTree = "<group>";
		};
		E972FD992FB79B730074F8AF /* Frameworks */ = {
			isa = PBXGroup;
			children = (
				E972FD9A2FB79B730074F8AF /* WidgetKit.framework */,
				E972FD9C2FB79B730074F8AF /* SwiftUI.framework */,
			);
			name = Frameworks;
			sourceTree = "<group>";
		};
/* End PBXGroup section */

/* Begin PBXNativeTarget section */
		E9139FFA2F26774B008A4933 /* Paperless24 */ = {
			isa = PBXNativeTarget;
			buildConfigurationList = E913A01F2F267759008A4933 /* Build configuration list for PBXNativeTarget "Paperless24" */;
			buildPhases = (
				E9139FF72F26774B008A4933 /* Sources */,
				E9139FF82F26774B008A4933 /* Frameworks */,
				E9139FF92F26774B008A4933 /* Resources */,
				E913A0462F2679B3008A4933 /* Embed Foundation Extensions */,
				E9E855862F269855006EB83C /* Run Script */,
			);
			buildRules = (
			);
			dependencies = (
				E913A0442F2679B3008A4933 /* PBXTargetDependency */,
				E972FDAB2FB79B740074F8AF /* PBXTargetDependency */,
			);
			fileSystemSynchronizedGroups = (
				E9139FFD2F26774B008A4933 /* Paperless24 */,
			);
			name = "Paperless24";
			packageProductDependencies = (
			);
			productName = "Paperless24";
			productReference = E9139FFB2F26774B008A4933 /* Paperless24.app */;
			productType = "com.apple.product-type.application";
		};
		E913A00A2F267759008A4933 /* Paperless24Tests */ = {
			isa = PBXNativeTarget;
			buildConfigurationList = E913A0222F267759008A4933 /* Build configuration list for PBXNativeTarget "Paperless24Tests" */;
			buildPhases = (
				E913A0072F267759008A4933 /* Sources */,
				E913A0082F267759008A4933 /* Frameworks */,
				E913A0092F267759008A4933 /* Resources */,
			);
			buildRules = (
			);
			dependencies = (
				E913A00D2F267759008A4933 /* PBXTargetDependency */,
			);
			fileSystemSynchronizedGroups = (
				E913A00E2F267759008A4933 /* Paperless24Tests */,
			);
			name = "Paperless24Tests";
			packageProductDependencies = (
			);
			productName = "Paperless24Tests";
			productReference = E913A00B2F267759008A4933 /* Paperless24Tests.xctest */;
			productType = "com.apple.product-type.bundle.unit-test";
		};
		E913A0142F267759008A4933 /* Paperless24UITests */ = {
			isa = PBXNativeTarget;
			buildConfigurationList = E913A0252F267759008A4933 /* Build configuration list for PBXNativeTarget "Paperless24UITests" */;
			buildPhases = (
				E913A0112F267759008A4933 /* Sources */,
				E913A0122F267759008A4933 /* Frameworks */,
				E913A0132F267759008A4933 /* Resources */,
			);
			buildRules = (
			);
			dependencies = (
				E913A0172F267759008A4933 /* PBXTargetDependency */,
			);
			fileSystemSynchronizedGroups = (
				E913A0182F267759008A4933 /* Paperless24UITests */,
			);
			name = "Paperless24UITests";
			packageProductDependencies = (
			);
			productName = "Paperless24UITests";
			productReference = E913A0152F267759008A4933 /* Paperless24UITests.xctest */;
			productType = "com.apple.product-type.bundle.ui-testing";
		};
		E913A03A2F2679B3008A4933 /* PaperlessShare */ = {
			isa = PBXNativeTarget;
			buildConfigurationList = E913A04A2F2679B3008A4933 /* Build configuration list for PBXNativeTarget "PaperlessShare" */;
			buildPhases = (
				E913A0372F2679B3008A4933 /* Sources */,
				E913A0382F2679B3008A4933 /* Frameworks */,
				E913A0392F2679B3008A4933 /* Resources */,
			);
			buildRules = (
			);
			dependencies = (
			);
			fileSystemSynchronizedGroups = (
				E913A03C2F2679B3008A4933 /* PaperlessShare */,
			);
			name = PaperlessShare;
			packageProductDependencies = (
			);
			productName = PaperlessShare;
			productReference = E913A03B2F2679B3008A4933 /* PaperlessShare.appex */;
			productType = "com.apple.product-type.app-extension";
		};
		E972FD972FB79B730074F8AF /* PaperlessWidgetExtension */ = {
			isa = PBXNativeTarget;
			buildConfigurationList = E972FDAE2FB79B740074F8AF /* Build configuration list for PBXNativeTarget "PaperlessWidgetExtension" */;
			buildPhases = (
				E972FD942FB79B730074F8AF /* Sources */,
				E972FD952FB79B730074F8AF /* Frameworks */,
				E972FD962FB79B730074F8AF /* Resources */,
			);
			buildRules = (
			);
			dependencies = (
			);
			fileSystemSynchronizedGroups = (
				E972FD9E2FB79B730074F8AF /* PaperlessWidget */,
			);
			name = PaperlessWidgetExtension;
			packageProductDependencies = (
			);
			productName = PaperlessWidgetExtension;
			productReference = E972FD982FB79B730074F8AF /* PaperlessWidgetExtension.appex */;
			productType = "com.apple.product-type.app-extension";
		};
/* End PBXNativeTarget section */

/* Begin PBXProject section */
		E9139FF32F26774B008A4933 /* Project object */ = {
			isa = PBXProject;
			attributes = {
				BuildIndependentTargetsInParallel = 1;
				LastSwiftUpdateCheck = 2630;
				LastUpgradeCheck = 1620;
				TargetAttributes = {
					E9139FFA2F26774B008A4933 = {
						CreatedOnToolsVersion = 16.2;
					};
					E913A00A2F267759008A4933 = {
						CreatedOnToolsVersion = 16.2;
						TestTargetID = E9139FFA2F26774B008A4933;
					};
					E913A0142F267759008A4933 = {
						CreatedOnToolsVersion = 16.2;
						TestTargetID = E9139FFA2F26774B008A4933;
					};
					E913A03A2F2679B3008A4933 = {
						CreatedOnToolsVersion = 16.2;
					};
					E972FD972FB79B730074F8AF = {
						CreatedOnToolsVersion = 26.3;
					};
				};
			};
			buildConfigurationList = E9139FF62F26774B008A4933 /* Build configuration list for PBXProject "Paperless 24" */;
			developmentRegion = de;
			hasScannedForEncodings = 0;
			knownRegions = (
				en,
				de,
				fr,
				es,
				it,
				Base,
			);
			mainGroup = E9139FF22F26774B008A4933;
			minimizedProjectReferenceProxies = 1;
			preferredProjectObjectVersion = 77;
			productRefGroup = E9139FFC2F26774B008A4933 /* Products */;
			projectDirPath = "";
			projectRoot = "";
			targets = (
				E9139FFA2F26774B008A4933 /* Paperless24 */,
				E913A00A2F267759008A4933 /* Paperless24Tests */,
				E913A0142F267759008A4933 /* Paperless24UITests */,
				E913A03A2F2679B3008A4933 /* PaperlessShare */,
				E972FD972FB79B730074F8AF /* PaperlessWidgetExtension */,
			);
		};
/* End PBXProject section */

/* Begin PBXResourcesBuildPhase section */
		E9139FF92F26774B008A4933 /* Resources */ = {
			isa = PBXResourcesBuildPhase;
			buildActionMask = 2147483647;
			files = (
			);
			runOnlyForDeploymentPostprocessing = 0;
		};
		E913A0092F267759008A4933 /* Resources */ = {
			isa = PBXResourcesBuildPhase;
			buildActionMask = 2147483647;
			files = (
			);
			runOnlyForDeploymentPostprocessing = 0;
		};
		E913A0132F267759008A4933 /* Resources */ = {
			isa = PBXResourcesBuildPhase;
			buildActionMask = 2147483647;
			files = (
			);
			runOnlyForDeploymentPostprocessing = 0;
		};
		E913A0392F2679B3008A4933 /* Resources */ = {
			isa = PBXResourcesBuildPhase;
			buildActionMask = 2147483647;
			files = (
			);
			runOnlyForDeploymentPostprocessing = 0;
		};
		E972FD962FB79B730074F8AF /* Resources */ = {
			isa = PBXResourcesBuildPhase;
			buildActionMask = 2147483647;
			files = (
			);
			runOnlyForDeploymentPostprocessing = 0;
		};
/* End PBXResourcesBuildPhase section */

/* Begin PBXShellScriptBuildPhase section */
		E9E855862F269855006EB83C /* Run Script */ = {
			isa = PBXShellScriptBuildPhase;
			buildActionMask = 2147483647;
			files = (
			);
			inputFileListPaths = (
			);
			inputPaths = (
			);
			name = "Run Script";
			outputFileListPaths = (
			);
			outputPaths = (
			);
			runOnlyForDeploymentPostprocessing = 0;
			shellPath = /bin/sh;
			shellScript = "# Pfad zu deiner Extension Info.plist (Passe den Namen 'PaperlessShare' ggf. an)\nEXT_PLIST=\"${SRCROOT}/PaperlessShare/Info.plist\"\n\n# Version und Build der Haupt-App auslesen\nAPP_VERSION=$(/usr/libexec/PlistBuddy -c \"Print :CFBundleShortVersionString\" \"${SRCROOT}/${INFOPLIST_FILE}\")\nAPP_BUILD=$(/usr/libexec/PlistBuddy -c \"Print :CFBundleVersion\" \"${SRCROOT}/${INFOPLIST_FILE}\")\n\n# Version und Build auf die Extension übertragen\n/usr/libexec/PlistBuddy -c \"Set :CFBundleShortVersionString $APP_VERSION\" \"$EXT_PLIST\"\n/usr/libexec/PlistBuddy -c \"Set :CFBundleVersion $APP_BUILD\" \"$EXT_PLIST\"\n\necho \"Version $APP_VERSION ($APP_BUILD) erfolgreich auf Extension übertragen.\"\n";
		};
/* End PBXShellScriptBuildPhase section */

/* Begin PBXSourcesBuildPhase section */
		E9139FF72F26774B008A4933 /* Sources */ = {
			isa = PBXSourcesBuildPhase;
			buildActionMask = 2147483647;
			files = (
			);
			runOnlyForDeploymentPostprocessing = 0;
		};
		E913A0072F267759008A4933 /* Sources */ = {
			isa = PBXSourcesBuildPhase;
			buildActionMask = 2147483647;
			files = (
			);
			runOnlyForDeploymentPostprocessing = 0;
		};
		E913A0112F267759008A4933 /* Sources */ = {
			isa = PBXSourcesBuildPhase;
			buildActionMask = 2147483647;
			files = (
			);
			runOnlyForDeploymentPostprocessing = 0;
		};
		E913A0372F2679B3008A4933 /* Sources */ = {
			isa = PBXSourcesBuildPhase;
			buildActionMask = 2147483647;
			files = (
			);
			runOnlyForDeploymentPostprocessing = 0;
		};
		E972FD942FB79B730074F8AF /* Sources */ = {
			isa = PBXSourcesBuildPhase;
			buildActionMask = 2147483647;
			files = (
			);
			runOnlyForDeploymentPostprocessing = 0;
		};
/* End PBXSourcesBuildPhase section */

/* Begin PBXTargetDependency section */
		E913A00D2F267759008A4933 /* PBXTargetDependency */ = {
			isa = PBXTargetDependency;
			target = E9139FFA2F26774B008A4933 /* Paperless24 */;
			targetProxy = E913A00C2F267759008A4933 /* PBXContainerItemProxy */;
		};
		E913A0172F267759008A4933 /* PBXTargetDependency */ = {
			isa = PBXTargetDependency;
			target = E9139FFA2F26774B008A4933 /* Paperless24 */;
			targetProxy = E913A0162F267759008A4933 /* PBXContainerItemProxy */;
		};
		E913A0442F2679B3008A4933 /* PBXTargetDependency */ = {
			isa = PBXTargetDependency;
			target = E913A03A2F2679B3008A4933 /* PaperlessShare */;
			targetProxy = E913A0432F2679B3008A4933 /* PBXContainerItemProxy */;
		};
		E972FDAB2FB79B740074F8AF /* PBXTargetDependency */ = {
			isa = PBXTargetDependency;
			target = E972FD972FB79B730074F8AF /* PaperlessWidgetExtension */;
			targetProxy = E972FDAA2FB79B740074F8AF /* PBXContainerItemProxy */;
		};
/* End PBXTargetDependency section */

/* Begin XCBuildConfiguration section */
		E913A01D2F267759008A4933 /* Debug */ = {
			isa = XCBuildConfiguration;
			buildSettings = {
				ALWAYS_SEARCH_USER_PATHS = NO;
				ASSETCATALOG_COMPILER_GENERATE_SWIFT_ASSET_SYMBOL_EXTENSIONS = YES;
				CLANG_ANALYZER_NONNULL = YES;
				CLANG_ANALYZER_NUMBER_OBJECT_CONVERSION = YES_AGGRESSIVE;
				CLANG_CXX_LANGUAGE_STANDARD = "gnu++20";
				CLANG_ENABLE_MODULES = YES;
				CLANG_ENABLE_OBJC_ARC = YES;
				CLANG_ENABLE_OBJC_WEAK = YES;
				CLANG_WARN_BLOCK_CAPTURE_AUTORELEASING = YES;
				CLANG_WARN_BOOL_CONVERSION = YES;
				CLANG_WARN_COMMA = YES;
				CLANG_WARN_CONSTANT_CONVERSION = YES;
				CLANG_WARN_DEPRECATED_OBJC_IMPLEMENTATIONS = YES;
				CLANG_WARN_DIRECT_OBJC_ISA_USAGE = YES_ERROR;
				CLANG_WARN_DOCUMENTATION_COMMENTS = YES;
				CLANG_WARN_EMPTY_BODY = YES;
				CLANG_WARN_ENUM_CONVERSION = YES;
				CLANG_WARN_INFINITE_RECURSION = YES;
				CLANG_WARN_INT_CONVERSION = YES;
				CLANG_WARN_NON_LITERAL_NULL_CONVERSION = YES;
				CLANG_WARN_OBJC_IMPLICIT_RETAIN_SELF = YES;
				CLANG_WARN_OBJC_LITERAL_CONVERSION = YES;
				CLANG_WARN_OBJC_ROOT_CLASS = YES_ERROR;
				CLANG_WARN_QUOTED_INCLUDE_IN_FRAMEWORK_HEADER = YES;
				CLANG_WARN_RANGE_LOOP_ANALYSIS = YES;
				CLANG_WARN_STRICT_PROTOTYPES = YES;
				CLANG_WARN_SUSPICIOUS_MOVE = YES;
				CLANG_WARN_UNGUARDED_AVAILABILITY = YES_AGGRESSIVE;
				CLANG_WARN_UNREACHABLE_CODE = YES;
				CLANG_WARN__DUPLICATE_METHOD_MATCH = YES;
				COPY_PHASE_STRIP = NO;
				DEBUG_INFORMATION_FORMAT = dwarf;
				ENABLE_STRICT_OBJC_MSGSEND = YES;
				ENABLE_TESTABILITY = YES;
				ENABLE_USER_SCRIPT_SANDBOXING = YES;
				GCC_C_LANGUAGE_STANDARD = gnu17;
				GCC_DYNAMIC_NO_PIC = NO;
				GCC_NO_COMMON_BLOCKS = YES;
				GCC_OPTIMIZATION_LEVEL = 0;
				GCC_PREPROCESSOR_DEFINITIONS = (
					"DEBUG=1",
					"$(inherited)",
				);
				GCC_WARN_64_TO_32_BIT_CONVERSION = YES;
				GCC_WARN_ABOUT_RETURN_TYPE = YES_ERROR;
				GCC_WARN_UNDECLARED_SELECTOR = YES;
				GCC_WARN_UNINITIALIZED_AUTOS = YES_AGGRESSIVE;
				GCC_WARN_UNUSED_FUNCTION = YES;
				GCC_WARN_UNUSED_VARIABLE = YES;
				IPHONEOS_DEPLOYMENT_TARGET = 26.0;
				LOCALIZATION_PREFERS_STRING_CATALOGS = YES;
				MTL_ENABLE_DEBUG_INFO = INCLUDE_SOURCE;
				MTL_FAST_MATH = YES;
				ONLY_ACTIVE_ARCH = YES;
				SDKROOT = iphoneos;
				SWIFT_ACTIVE_COMPILATION_CONDITIONS = "DEBUG $(inherited)";
				SWIFT_OPTIMIZATION_LEVEL = "-Onone";
			};
			name = Debug;
		};
		E913A01E2F267759008A4933 /* Release */ = {
			isa = XCBuildConfiguration;
			buildSettings = {
				ALWAYS_SEARCH_USER_PATHS = NO;
				ASSETCATALOG_COMPILER_GENERATE_SWIFT_ASSET_SYMBOL_EXTENSIONS = YES;
				CLANG_ANALYZER_NONNULL = YES;
				CLANG_ANALYZER_NUMBER_OBJECT_CONVERSION = YES_AGGRESSIVE;
				CLANG_CXX_LANGUAGE_STANDARD = "gnu++20";
				CLANG_ENABLE_MODULES = YES;
				CLANG_ENABLE_OBJC_ARC = YES;
				CLANG_ENABLE_OBJC_WEAK = YES;
				CLANG_WARN_BLOCK_CAPTURE_AUTORELEASING = YES;
				CLANG_WARN_BOOL_CONVERSION = YES;
				CLANG_WARN_COMMA = YES;
				CLANG_WARN_CONSTANT_CONVERSION = YES;
				CLANG_WARN_DEPRECATED_OBJC_IMPLEMENTATIONS = YES;
				CLANG_WARN_DIRECT_OBJC_ISA_USAGE = YES_ERROR;
				CLANG_WARN_DOCUMENTATION_COMMENTS = YES;
				CLANG_WARN_EMPTY_BODY = YES;
				CLANG_WARN_ENUM_CONVERSION = YES;
				CLANG_WARN_INFINITE_RECURSION = YES;
				CLANG_WARN_INT_CONVERSION = YES;
				CLANG_WARN_NON_LITERAL_NULL_CONVERSION = YES;
				CLANG_WARN_OBJC_IMPLICIT_RETAIN_SELF = YES;
				CLANG_WARN_OBJC_LITERAL_CONVERSION = YES;
				CLANG_WARN_OBJC_ROOT_CLASS = YES_ERROR;
				CLANG_WARN_QUOTED_INCLUDE_IN_FRAMEWORK_HEADER = YES;
				CLANG_WARN_RANGE_LOOP_ANALYSIS = YES;
				CLANG_WARN_STRICT_PROTOTYPES = YES;
				CLANG_WARN_SUSPICIOUS_MOVE = YES;
				CLANG_WARN_UNGUARDED_AVAILABILITY = YES_AGGRESSIVE;
				CLANG_WARN_UNREACHABLE_CODE = YES;
				CLANG_WARN__DUPLICATE_METHOD_MATCH = YES;
				COPY_PHASE_STRIP = NO;
				DEBUG_INFORMATION_FORMAT = "dwarf-with-dsym";
				ENABLE_NS_ASSERTIONS = NO;
				ENABLE_STRICT_OBJC_MSGSEND = YES;
				ENABLE_USER_SCRIPT_SANDBOXING = YES;
				GCC_C_LANGUAGE_STANDARD = gnu17;
				GCC_NO_COMMON_BLOCKS = YES;
				GCC_WARN_64_TO_32_BIT_CONVERSION = YES;
				GCC_WARN_ABOUT_RETURN_TYPE = YES_ERROR;
				GCC_WARN_UNDECLARED_SELECTOR = YES;
				GCC_WARN_UNINITIALIZED_AUTOS = YES_AGGRESSIVE;
				GCC_WARN_UNUSED_FUNCTION = YES;
				GCC_WARN_UNUSED_VARIABLE = YES;
				IPHONEOS_DEPLOYMENT_TARGET = 26.0;
				LOCALIZATION_PREFERS_STRING_CATALOGS = YES;
				MTL_ENABLE_DEBUG_INFO = NO;
				MTL_FAST_MATH = YES;
				SDKROOT = iphoneos;
				SWIFT_COMPILATION_MODE = wholemodule;
				VALIDATE_PRODUCT = YES;
			};
			name = Release;
		};
		E913A0202F267759008A4933 /* Debug */ = {
			isa = XCBuildConfiguration;
			buildSettings = {
				ASSETCATALOG_COMPILER_APPICON_NAME = AppIcon;
				ASSETCATALOG_COMPILER_GLOBAL_ACCENT_COLOR_NAME = AccentColor;
				CODE_SIGN_ENTITLEMENTS = "Paperless24/Paperless24.entitlements";
				CODE_SIGN_STYLE = Automatic;
				CURRENT_PROJECT_VERSION = 1;
				DEVELOPMENT_ASSET_PATHS = "\"Paperless24/Preview Content\"";
				DEVELOPMENT_TEAM = RVXL7PUD42;
				ENABLE_PREVIEWS = YES;
				GENERATE_INFOPLIST_FILE = YES;
				INFOPLIST_FILE = "Paperless24-Info.plist";
				INFOPLIST_KEY_CFBundleDisplayName = "Paperless 24";
				INFOPLIST_KEY_LSApplicationCategoryType = "public.app-category.productivity";
				INFOPLIST_KEY_NSCameraUsageDescription = "Wir benötigen die Kamera um Dokumente für das Archiv zu scannen";
				INFOPLIST_KEY_NSFaceIDUsageDescription = "Um die App zu entsperren";
				INFOPLIST_KEY_NSLocalNetworkUsageDescription = "Paperless24 verbindet sich mit deinem selbst gehosteten Paperless-ngx-Server im lokalen Netzwerk, um Dokumente abzurufen, hochzuladen und zu verwalten.";
				INFOPLIST_KEY_NSPhotoLibraryUsageDescription = "Importieren von Fotos in das Archiv";
				INFOPLIST_KEY_UIApplicationSceneManifest_Generation = YES;
				INFOPLIST_KEY_UIApplicationSupportsIndirectInputEvents = YES;
				INFOPLIST_KEY_UILaunchScreen_Generation = YES;
				INFOPLIST_KEY_UISupportedInterfaceOrientations_iPad = "UIInterfaceOrientationPortrait UIInterfaceOrientationPortraitUpsideDown UIInterfaceOrientationLandscapeLeft UIInterfaceOrientationLandscapeRight";
				INFOPLIST_KEY_UISupportedInterfaceOrientations_iPhone = "UIInterfaceOrientationPortrait UIInterfaceOrientationLandscapeLeft UIInterfaceOrientationLandscapeRight";
				IPHONEOS_DEPLOYMENT_TARGET = 26;
				LD_RUNPATH_SEARCH_PATHS = (
					"$(inherited)",
					"@executable_path/Frameworks",
				);
				MARKETING_VERSION = 1.0;
				PRODUCT_BUNDLE_IDENTIFIER = com.paperless24.app;
				PRODUCT_NAME = "$(TARGET_NAME)";
				SWIFT_EMIT_LOC_STRINGS = YES;
				SWIFT_VERSION = 5.0;
				TARGETED_DEVICE_FAMILY = "1,2";
			};
			name = Debug;
		};
		E913A0212F267759008A4933 /* Release */ = {
			isa = XCBuildConfiguration;
			buildSettings = {
				ASSETCATALOG_COMPILER_APPICON_NAME = AppIcon;
				ASSETCATALOG_COMPILER_GLOBAL_ACCENT_COLOR_NAME = AccentColor;
				CODE_SIGN_ENTITLEMENTS = "Paperless24/Paperless24.entitlements";
				CODE_SIGN_STYLE = Automatic;
				CURRENT_PROJECT_VERSION = 1;
				DEVELOPMENT_ASSET_PATHS = "\"Paperless24/Preview Content\"";
				DEVELOPMENT_TEAM = RVXL7PUD42;
				ENABLE_PREVIEWS = YES;
				GENERATE_INFOPLIST_FILE = YES;
				INFOPLIST_FILE = "Paperless24-Info.plist";
				INFOPLIST_KEY_CFBundleDisplayName = "Paperless 24";
				INFOPLIST_KEY_LSApplicationCategoryType = "public.app-category.productivity";
				INFOPLIST_KEY_NSCameraUsageDescription = "Wir benötigen die Kamera um Dokumente für das Archiv zu scannen";
				INFOPLIST_KEY_NSFaceIDUsageDescription = "Um die App zu entsperren";
				INFOPLIST_KEY_NSLocalNetworkUsageDescription = "Paperless24 verbindet sich mit deinem selbst gehosteten Paperless-ngx-Server im lokalen Netzwerk, um Dokumente abzurufen, hochzuladen und zu verwalten.";
				INFOPLIST_KEY_NSPhotoLibraryUsageDescription = "Importieren von Fotos in das Archiv";
				INFOPLIST_KEY_UIApplicationSceneManifest_Generation = YES;
				INFOPLIST_KEY_UIApplicationSupportsIndirectInputEvents = YES;
				INFOPLIST_KEY_UILaunchScreen_Generation = YES;
				INFOPLIST_KEY_UISupportedInterfaceOrientations_iPad = "UIInterfaceOrientationPortrait UIInterfaceOrientationPortraitUpsideDown UIInterfaceOrientationLandscapeLeft UIInterfaceOrientationLandscapeRight";
				INFOPLIST_KEY_UISupportedInterfaceOrientations_iPhone = "UIInterfaceOrientationPortrait UIInterfaceOrientationLandscapeLeft UIInterfaceOrientationLandscapeRight";
				IPHONEOS_DEPLOYMENT_TARGET = 26;
				LD_RUNPATH_SEARCH_PATHS = (
					"$(inherited)",
					"@executable_path/Frameworks",
				);
				MARKETING_VERSION = 1.0;
				PRODUCT_BUNDLE_IDENTIFIER = com.paperless24.app;
				PRODUCT_NAME = "$(TARGET_NAME)";
				SWIFT_EMIT_LOC_STRINGS = YES;
				SWIFT_VERSION = 5.0;
				TARGETED_DEVICE_FAMILY = "1,2";
			};
			name = Release;
		};
		E913A0232F267759008A4933 /* Debug */ = {
			isa = XCBuildConfiguration;
			buildSettings = {
				BUNDLE_LOADER = "$(TEST_HOST)";
				CODE_SIGN_STYLE = Automatic;
				CURRENT_PROJECT_VERSION = 1;
				DEVELOPMENT_TEAM = RVXL7PUD42;
				GENERATE_INFOPLIST_FILE = YES;
				IPHONEOS_DEPLOYMENT_TARGET = 18.2;
				MARKETING_VERSION = 1.0;
				PRODUCT_BUNDLE_IDENTIFIER = "k.Paperless24Tests";
				PRODUCT_NAME = "$(TARGET_NAME)";
				SWIFT_EMIT_LOC_STRINGS = NO;
				SWIFT_VERSION = 5.0;
				TARGETED_DEVICE_FAMILY = "1,2";
				TEST_HOST = "$(BUILT_PRODUCTS_DIR)/Paperless24.app/$(BUNDLE_EXECUTABLE_FOLDER_PATH)/Paperless24";
			};
			name = Debug;
		};
		E913A0242F267759008A4933 /* Release */ = {
			isa = XCBuildConfiguration;
			buildSettings = {
				BUNDLE_LOADER = "$(TEST_HOST)";
				CODE_SIGN_STYLE = Automatic;
				CURRENT_PROJECT_VERSION = 1;
				DEVELOPMENT_TEAM = RVXL7PUD42;
				GENERATE_INFOPLIST_FILE = YES;
				IPHONEOS_DEPLOYMENT_TARGET = 18.2;
				MARKETING_VERSION = 1.0;
				PRODUCT_BUNDLE_IDENTIFIER = "k.Paperless24Tests";
				PRODUCT_NAME = "$(TARGET_NAME)";
				SWIFT_EMIT_LOC_STRINGS = NO;
				SWIFT_VERSION = 5.0;
				TARGETED_DEVICE_FAMILY = "1,2";
				TEST_HOST = "$(BUILT_PRODUCTS_DIR)/Paperless24.app/$(BUNDLE_EXECUTABLE_FOLDER_PATH)/Paperless24";
			};
			name = Release;
		};
		E913A0262F267759008A4933 /* Debug */ = {
			isa = XCBuildConfiguration;
			buildSettings = {
				CODE_SIGN_STYLE = Automatic;
				CURRENT_PROJECT_VERSION = 1;
				DEVELOPMENT_TEAM = RVXL7PUD42;
				GENERATE_INFOPLIST_FILE = YES;
				MARKETING_VERSION = 1.0;
				PRODUCT_BUNDLE_IDENTIFIER = "k.Paperless24UITests";
				PRODUCT_NAME = "$(TARGET_NAME)";
				SWIFT_EMIT_LOC_STRINGS = NO;
				SWIFT_VERSION = 5.0;
				TARGETED_DEVICE_FAMILY = "1,2";
				TEST_TARGET_NAME = "Paperless24";
			};
			name = Debug;
		};
		E913A0272F267759008A4933 /* Release */ = {
			isa = XCBuildConfiguration;
			buildSettings = {
				CODE_SIGN_STYLE = Automatic;
				CURRENT_PROJECT_VERSION = 1;
				DEVELOPMENT_TEAM = RVXL7PUD42;
				GENERATE_INFOPLIST_FILE = YES;
				MARKETING_VERSION = 1.0;
				PRODUCT_BUNDLE_IDENTIFIER = "k.Paperless24UITests";
				PRODUCT_NAME = "$(TARGET_NAME)";
				SWIFT_EMIT_LOC_STRINGS = NO;
				SWIFT_VERSION = 5.0;
				TARGETED_DEVICE_FAMILY = "1,2";
				TEST_TARGET_NAME = "Paperless24";
			};
			name = Release;
		};
		E913A0472F2679B3008A4933 /* Debug */ = {
			isa = XCBuildConfiguration;
			buildSettings = {
				CODE_SIGN_ENTITLEMENTS = PaperlessShare/PaperlessShare.entitlements;
				CODE_SIGN_STYLE = Automatic;
				CURRENT_PROJECT_VERSION = 1;
				DEVELOPMENT_TEAM = RVXL7PUD42;
				GENERATE_INFOPLIST_FILE = YES;
				INFOPLIST_FILE = PaperlessShare/Info.plist;
				INFOPLIST_KEY_CFBundleDisplayName = PaperlessShare;
				INFOPLIST_KEY_NSHumanReadableCopyright = "";
				LD_RUNPATH_SEARCH_PATHS = (
					"$(inherited)",
					"@executable_path/Frameworks",
					"@executable_path/../../Frameworks",
				);
				MARKETING_VERSION = 1.70.1;
				PRODUCT_BUNDLE_IDENTIFIER = com.paperless24.app.PaperlessShare;
				PRODUCT_NAME = "$(TARGET_NAME)";
				SKIP_INSTALL = YES;
				SWIFT_EMIT_LOC_STRINGS = YES;
				SWIFT_VERSION = 5.0;
				TARGETED_DEVICE_FAMILY = "1,2";
			};
			name = Debug;
		};
		E913A0482F2679B3008A4933 /* Release */ = {
			isa = XCBuildConfiguration;
			buildSettings = {
				CODE_SIGN_ENTITLEMENTS = PaperlessShare/PaperlessShare.entitlements;
				CODE_SIGN_STYLE = Automatic;
				CURRENT_PROJECT_VERSION = 1;
				DEVELOPMENT_TEAM = RVXL7PUD42;
				GENERATE_INFOPLIST_FILE = YES;
				INFOPLIST_FILE = PaperlessShare/Info.plist;
				INFOPLIST_KEY_CFBundleDisplayName = PaperlessShare;
				INFOPLIST_KEY_NSHumanReadableCopyright = "";
				LD_RUNPATH_SEARCH_PATHS = (
					"$(inherited)",
					"@executable_path/Frameworks",
					"@executable_path/../../Frameworks",
				);
				MARKETING_VERSION = 1.70.1;
				PRODUCT_BUNDLE_IDENTIFIER = com.paperless24.app.PaperlessShare;
				PRODUCT_NAME = "$(TARGET_NAME)";
				SKIP_INSTALL = YES;
				SWIFT_EMIT_LOC_STRINGS = YES;
				SWIFT_VERSION = 5.0;
				TARGETED_DEVICE_FAMILY = "1,2";
			};
			name = Release;
		};
		E972FDAF2FB79B740074F8AF /* Debug */ = {
			isa = XCBuildConfiguration;
			buildSettings = {
				ASSETCATALOG_COMPILER_GLOBAL_ACCENT_COLOR_NAME = AccentColor;
				ASSETCATALOG_COMPILER_WIDGET_BACKGROUND_COLOR_NAME = WidgetBackground;
				CODE_SIGN_ENTITLEMENTS = PaperlessWidgetExtension.entitlements;
				CODE_SIGN_STYLE = Automatic;
				CURRENT_PROJECT_VERSION = 1;
				DEVELOPMENT_TEAM = RVXL7PUD42;
				GENERATE_INFOPLIST_FILE = YES;
				INFOPLIST_FILE = PaperlessWidget/Info.plist;
				INFOPLIST_KEY_CFBundleDisplayName = PaperlessWidget;
				INFOPLIST_KEY_NSHumanReadableCopyright = "";
				IPHONEOS_DEPLOYMENT_TARGET = 26.2;
				LD_RUNPATH_SEARCH_PATHS = (
					"$(inherited)",
					"@executable_path/Frameworks",
					"@executable_path/../../Frameworks",
				);
				MARKETING_VERSION = 1.0;
				PRODUCT_BUNDLE_IDENTIFIER = com.paperless24.app.PaperlessWidget;
				PRODUCT_NAME = "$(TARGET_NAME)";
				SKIP_INSTALL = YES;
				STRING_CATALOG_GENERATE_SYMBOLS = YES;
				SWIFT_APPROACHABLE_CONCURRENCY = YES;
				SWIFT_EMIT_LOC_STRINGS = YES;
				SWIFT_UPCOMING_FEATURE_MEMBER_IMPORT_VISIBILITY = YES;
				SWIFT_VERSION = 5.0;
				TARGETED_DEVICE_FAMILY = "1,2";
			};
			name = Debug;
		};
		E972FDB02FB79B740074F8AF /* Release */ = {
			isa = XCBuildConfiguration;
			buildSettings = {
				ASSETCATALOG_COMPILER_GLOBAL_ACCENT_COLOR_NAME = AccentColor;
				ASSETCATALOG_COMPILER_WIDGET_BACKGROUND_COLOR_NAME = WidgetBackground;
				CODE_SIGN_ENTITLEMENTS = PaperlessWidgetExtension.entitlements;
				CODE_SIGN_STYLE = Automatic;
				CURRENT_PROJECT_VERSION = 1;
				DEVELOPMENT_TEAM = RVXL7PUD42;
				GENERATE_INFOPLIST_FILE = YES;
				INFOPLIST_FILE = PaperlessWidget/Info.plist;
				INFOPLIST_KEY_CFBundleDisplayName = PaperlessWidget;
				INFOPLIST_KEY_NSHumanReadableCopyright = "";
				IPHONEOS_DEPLOYMENT_TARGET = 26.2;
				LD_RUNPATH_SEARCH_PATHS = (
					"$(inherited)",
					"@executable_path/Frameworks",
					"@executable_path/../../Frameworks",
				);
				MARKETING_VERSION = 1.0;
				PRODUCT_BUNDLE_IDENTIFIER = com.paperless24.app.PaperlessWidget;
				PRODUCT_NAME = "$(TARGET_NAME)";
				SKIP_INSTALL = YES;
				STRING_CATALOG_GENERATE_SYMBOLS = YES;
				SWIFT_APPROACHABLE_CONCURRENCY = YES;
				SWIFT_EMIT_LOC_STRINGS = YES;
				SWIFT_UPCOMING_FEATURE_MEMBER_IMPORT_VISIBILITY = YES;
				SWIFT_VERSION = 5.0;
				TARGETED_DEVICE_FAMILY = "1,2";
			};
			name = Release;
		};
/* End XCBuildConfiguration section */

/* Begin XCConfigurationList section */
		E9139FF62F26774B008A4933 /* Build configuration list for PBXProject "Paperless 24" */ = {
			isa = XCConfigurationList;
			buildConfigurations = (
				E913A01D2F267759008A4933 /* Debug */,
				E913A01E2F267759008A4933 /* Release */,
			);
			defaultConfigurationIsVisible = 0;
			defaultConfigurationName = Release;
		};
		E913A01F2F267759008A4933 /* Build configuration list for PBXNativeTarget "Paperless24" */ = {
			isa = XCConfigurationList;
			buildConfigurations = (
				E913A0202F267759008A4933 /* Debug */,
				E913A0212F267759008A4933 /* Release */,
			);
			defaultConfigurationIsVisible = 0;
			defaultConfigurationName = Release;
		};
		E913A0222F267759008A4933 /* Build configuration list for PBXNativeTarget "Paperless24Tests" */ = {
			isa = XCConfigurationList;
			buildConfigurations = (
				E913A0232F267759008A4933 /* Debug */,
				E913A0242F267759008A4933 /* Release */,
			);
			defaultConfigurationIsVisible = 0;
			defaultConfigurationName = Release;
		};
		E913A0252F267759008A4933 /* Build configuration list for PBXNativeTarget "Paperless24UITests" */ = {
			isa = XCConfigurationList;
			buildConfigurations = (
				E913A0262F267759008A4933 /* Debug */,
				E913A0272F267759008A4933 /* Release */,
			);
			defaultConfigurationIsVisible = 0;
			defaultConfigurationName = Release;
		};
		E913A04A2F2679B3008A4933 /* Build configuration list for PBXNativeTarget "PaperlessShare" */ = {
			isa = XCConfigurationList;
			buildConfigurations = (
				E913A0472F2679B3008A4933 /* Debug */,
				E913A0482F2679B3008A4933 /* Release */,
			);
			defaultConfigurationIsVisible = 0;
			defaultConfigurationName = Release;
		};
		E972FDAE2FB79B740074F8AF /* Build configuration list for PBXNativeTarget "PaperlessWidgetExtension" */ = {
			isa = XCConfigurationList;
			buildConfigurations = (
				E972FDAF2FB79B740074F8AF /* Debug */,
				E972FDB02FB79B740074F8AF /* Release */,
			);
			defaultConfigurationIsVisible = 0;
			defaultConfigurationName = Release;
		};
/* End XCConfigurationList section */
	};
	rootObject = E9139FF32F26774B008A4933 /* Project object */;
}
